// !$*UTF8*$!
{
	archiveVersion = 1;
	classes = {
	};
	objectVersion = 56;
	objects = {

/* Begin PBXBuildFile section */
		2355C1F22B54B4BE009C84AD /* Shaders.metal in Sources */ = {isa = PBXBuildFile; fileRef = 2355C1F12B54B4BE009C84AD /* Shaders.metal */; };
		2355C1F52B5558D9009C84AD /* PipelineStates.swift in Sources */ = {isa = PBXBuildFile; fileRef = 2355C1F42B5558D9009C84AD /* PipelineStates.swift */; };
		2355C1F82B55A83D009C84AD /* MathLibrary.swift in Sources */ = {isa = PBXBuildFile; fileRef = 2355C1F72B55A83D009C84AD /* MathLibrary.swift */; };
		2355C1FF2B574157009C84AD /* VertexDescriptor.swift in Sources */ = {isa = PBXBuildFile; fileRef = 2355C1FE2B574157009C84AD /* VertexDescriptor.swift */; };
		2355C2022B57FE3A009C84AD /* mushroom.usdz in Resources */ = {isa = PBXBuildFile; fileRef = 2355C2012B57FE3A009C84AD /* mushroom.usdz */; };
		2355C2052B592651009C84AD /* Model.swift in Sources */ = {isa = PBXBuildFile; fileRef = 2355C2042B592651009C84AD /* Model.swift */; };
		2355C2072B592750009C84AD /* Transform.swift in Sources */ = {isa = PBXBuildFile; fileRef = 2355C2062B592750009C84AD /* Transform.swift */; };
		2355C20A2B59284D009C84AD /* GameObject.swift in Sources */ = {isa = PBXBuildFile; fileRef = 2355C2092B59284D009C84AD /* GameObject.swift */; };
		2355C20C2B59DD3C009C84AD /* RayRenderer.swift in Sources */ = {isa = PBXBuildFile; fileRef = 2355C20B2B59DD3C009C84AD /* RayRenderer.swift */; };
		2355C20E2B59DF17009C84AD /* Raymarching.metal in Sources */ = {isa = PBXBuildFile; fileRef = 2355C20D2B59DF17009C84AD /* Raymarching.metal */; };
		2355C2102B59E065009C84AD /* Plane.swift in Sources */ = {isa = PBXBuildFile; fileRef = 2355C20F2B59E065009C84AD /* Plane.swift */; };
		2355C2782B5C56FB009C84AD /* GameScene.swift in Sources */ = {isa = PBXBuildFile; fileRef = 2355C2772B5C56FB009C84AD /* GameScene.swift */; };
		2355C27A2B5C665E009C84AD /* floorbrick.usdz in Resources */ = {isa = PBXBuildFile; fileRef = 2355C2792B5C665E009C84AD /* floorbrick.usdz */; };
		2355C27C2B5C6A43009C84AD /* TextureController.swift in Sources */ = {isa = PBXBuildFile; fileRef = 2355C27B2B5C6A43009C84AD /* TextureController.swift */; };
		2355C2802B5D3EEE009C84AD /* Mesh.swift in Sources */ = {isa = PBXBuildFile; fileRef = 2355C27F2B5D3EEE009C84AD /* Mesh.swift */; };
		2355C2822B5D3F09009C84AD /* Submesh.swift in Sources */ = {isa = PBXBuildFile; fileRef = 2355C2812B5D3F09009C84AD /* Submesh.swift */; };
		2355C2842B5DA003009C84AD /* GameEngine.swift in Sources */ = {isa = PBXBuildFile; fileRef = 2355C2832B5DA003009C84AD /* GameEngine.swift */; };
		2355C2872B5DA245009C84AD /* Camera.swift in Sources */ = {isa = PBXBuildFile; fileRef = 2355C2862B5DA245009C84AD /* Camera.swift */; };
		2355C28A2B5DA833009C84AD /* InputController.swift in Sources */ = {isa = PBXBuildFile; fileRef = 2355C2892B5DA833009C84AD /* InputController.swift */; };
		2355C28D2B5DDB41009C84AD /* FPCamera.swift in Sources */ = {isa = PBXBuildFile; fileRef = 2355C28C2B5DDB41009C84AD /* FPCamera.swift */; };
		2355C28F2B5DDB66009C84AD /* OrthographicCamera.swift in Sources */ = {isa = PBXBuildFile; fileRef = 2355C28E2B5DDB66009C84AD /* OrthographicCamera.swift */; };
		236DD2582B53D5650093E308 /* FirstEngineApp.swift in Sources */ = {isa = PBXBuildFile; fileRef = 236DD2572B53D5650093E308 /* FirstEngineApp.swift */; };
		236DD25A2B53D5650093E308 /* ContentView.swift in Sources */ = {isa = PBXBuildFile; fileRef = 236DD2592B53D5650093E308 /* ContentView.swift */; };
		236DD25C2B53D5660093E308 /* Assets.xcassets in Resources */ = {isa = PBXBuildFile; fileRef = 236DD25B2B53D5660093E308 /* Assets.xcassets */; };
		236DD2602B53D5660093E308 /* Preview Assets.xcassets in Resources */ = {isa = PBXBuildFile; fileRef = 236DD25F2B53D5660093E308 /* Preview Assets.xcassets */; };
		236DD2672B53D5760093E308 /* MetalView.swift in Sources */ = {isa = PBXBuildFile; fileRef = 236DD2662B53D5760093E308 /* MetalView.swift */; };
		236DD2692B53DB600093E308 /* Renderer.swift in Sources */ = {isa = PBXBuildFile; fileRef = 236DD2682B53DB600093E308 /* Renderer.swift */; };
/* End PBXBuildFile section */

/* Begin PBXFileReference section */
		2355C1F12B54B4BE009C84AD /* Shaders.metal */ = {isa = PBXFileReference; lastKnownFileType = sourcecode.metal; path = Shaders.metal; sourceTree = "<group>"; };
		2355C1F32B54B4CD009C84AD /* Common.h */ = {isa = PBXFileReference; lastKnownFileType = sourcecode.c.h; path = Common.h; sourceTree = "<group>"; };
		2355C1F42B5558D9009C84AD /* PipelineStates.swift */ = {isa = PBXFileReference; lastKnownFileType = sourcecode.swift; path = PipelineStates.swift; sourceTree = "<group>"; };
		2355C1F72B55A83D009C84AD /* MathLibrary.swift */ = {isa = PBXFileReference; lastKnownFileType = sourcecode.swift; path = MathLibrary.swift; sourceTree = "<group>"; };
		2355C1FE2B574157009C84AD /* VertexDescriptor.swift */ = {isa = PBXFileReference; lastKnownFileType = sourcecode.swift; path = VertexDescriptor.swift; sourceTree = "<group>"; };
		2355C2012B57FE3A009C84AD /* mushroom.usdz */ = {isa = PBXFileReference; lastKnownFileType = file.usdz; path = mushroom.usdz; sourceTree = "<group>"; };
		2355C2042B592651009C84AD /* Model.swift */ = {isa = PBXFileReference; lastKnownFileType = sourcecode.swift; path = Model.swift; sourceTree = "<group>"; };
		2355C2062B592750009C84AD /* Transform.swift */ = {isa = PBXFileReference; lastKnownFileType = sourcecode.swift; path = Transform.swift; sourceTree = "<group>"; };
		2355C2092B59284D009C84AD /* GameObject.swift */ = {isa = PBXFileReference; lastKnownFileType = sourcecode.swift; path = GameObject.swift; sourceTree = "<group>"; };
		2355C20B2B59DD3C009C84AD /* RayRenderer.swift */ = {isa = PBXFileReference; lastKnownFileType = sourcecode.swift; path = RayRenderer.swift; sourceTree = "<group>"; };
		2355C20D2B59DF17009C84AD /* Raymarching.metal */ = {isa = PBXFileReference; lastKnownFileType = sourcecode.metal; path = Raymarching.metal; sourceTree = "<group>"; };
		2355C20F2B59E065009C84AD /* Plane.swift */ = {isa = PBXFileReference; lastKnownFileType = sourcecode.swift; path = Plane.swift; sourceTree = "<group>"; };
		2355C2132B5A7A24009C84AD /* SDF.h */ = {isa = PBXFileReference; lastKnownFileType = sourcecode.c.h; path = SDF.h; sourceTree = "<group>"; };
		2355C2772B5C56FB009C84AD /* GameScene.swift */ = {isa = PBXFileReference; lastKnownFileType = sourcecode.swift; path = GameScene.swift; sourceTree = "<group>"; };
		2355C2792B5C665E009C84AD /* floorbrick.usdz */ = {isa = PBXFileReference; lastKnownFileType = file.usdz; path = floorbrick.usdz; sourceTree = "<group>"; };
		2355C27B2B5C6A43009C84AD /* TextureController.swift */ = {isa = PBXFileReference; lastKnownFileType = sourcecode.swift; path = TextureController.swift; sourceTree = "<group>"; };
		2355C27F2B5D3EEE009C84AD /* Mesh.swift */ = {isa = PBXFileReference; lastKnownFileType = sourcecode.swift; path = Mesh.swift; sourceTree = "<group>"; };
		2355C2812B5D3F09009C84AD /* Submesh.swift */ = {isa = PBXFileReference; lastKnownFileType = sourcecode.swift; path = Submesh.swift; sourceTree = "<group>"; };
		2355C2832B5DA003009C84AD /* GameEngine.swift */ = {isa = PBXFileReference; lastKnownFileType = sourcecode.swift; path = GameEngine.swift; sourceTree = "<group>"; };
		2355C2862B5DA245009C84AD /* Camera.swift */ = {isa = PBXFileReference; lastKnownFileType = sourcecode.swift; path = Camera.swift; sourceTree = "<group>"; };
		2355C2892B5DA833009C84AD /* InputController.swift */ = {isa = PBXFileReference; lastKnownFileType = sourcecode.swift; path = InputController.swift; sourceTree = "<group>"; };
		2355C28C2B5DDB41009C84AD /* FPCamera.swift */ = {isa = PBXFileReference; lastKnownFileType = sourcecode.swift; path = FPCamera.swift; sourceTree = "<group>"; };
		2355C28E2B5DDB66009C84AD /* OrthographicCamera.swift */ = {isa = PBXFileReference; lastKnownFileType = sourcecode.swift; path = OrthographicCamera.swift; sourceTree = "<group>"; };
		236DD2542B53D5650093E308 /* FirstEngine.app */ = {isa = PBXFileReference; explicitFileType = wrapper.application; includeInIndex = 0; path = FirstEngine.app; sourceTree = BUILT_PRODUCTS_DIR; };
		236DD2572B53D5650093E308 /* FirstEngineApp.swift */ = {isa = PBXFileReference; lastKnownFileType = sourcecode.swift; path = FirstEngineApp.swift; sourceTree = "<group>"; };
		236DD2592B53D5650093E308 /* ContentView.swift */ = {isa = PBXFileReference; lastKnownFileType = sourcecode.swift; path = ContentView.swift; sourceTree = "<group>"; };
		236DD25B2B53D5660093E308 /* Assets.xcassets */ = {isa = PBXFileReference; lastKnownFileType = folder.assetcatalog; path = Assets.xcassets; sourceTree = "<group>"; };
		236DD25D2B53D5660093E308 /* FirstEngine.entitlements */ = {isa = PBXFileReference; lastKnownFileType = text.plist.entitlements; path = FirstEngine.entitlements; sourceTree = "<group>"; };
		236DD25F2B53D5660093E308 /* Preview Assets.xcassets */ = {isa = PBXFileReference; lastKnownFileType = folder.assetcatalog; path = "Preview Assets.xcassets"; sourceTree = "<group>"; };
		236DD2662B53D5760093E308 /* MetalView.swift */ = {isa = PBXFileReference; lastKnownFileType = sourcecode.swift; path = MetalView.swift; sourceTree = "<group>"; };
		236DD2682B53DB600093E308 /* Renderer.swift */ = {isa = PBXFileReference; lastKnownFileType = sourcecode.swift; path = Renderer.swift; sourceTree = "<group>"; };
/* End PBXFileReference section */

/* Begin PBXFrameworksBuildPhase section */
		236DD2512B53D5650093E308 /* Frameworks */ = {
			isa = PBXFrameworksBuildPhase;
			buildActionMask = 2147483647;
			files = (
			);
			runOnlyForDeploymentPostprocessing = 0;
		};
/* End PBXFrameworksBuildPhase section */

/* Begin PBXGroup section */
		2355C1E92B54ABC6009C84AD /* Views */ = {
			isa = PBXGroup;
			children = (
				236DD2592B53D5650093E308 /* ContentView.swift */,
				236DD2662B53D5760093E308 /* MetalView.swift */,
			);
			path = Views;
			sourceTree = "<group>";
		};
		2355C1EA2B54ABDD009C84AD /* Renderer */ = {
			isa = PBXGroup;
			children = (
				2355C27D2B5D3AB0009C84AD /* Textures */,
				2355C2032B592642009C84AD /* Components */,
				2355C1F02B54B4B3009C84AD /* Shaders */,
				236DD2682B53DB600093E308 /* Renderer.swift */,
				2355C1F42B5558D9009C84AD /* PipelineStates.swift */,
				2355C1FE2B574157009C84AD /* VertexDescriptor.swift */,
				2355C20B2B59DD3C009C84AD /* RayRenderer.swift */,
			);
			path = Renderer;
			sourceTree = "<group>";
		};
		2355C1F02B54B4B3009C84AD /* Shaders */ = {
			isa = PBXGroup;
			children = (
				2355C1F12B54B4BE009C84AD /* Shaders.metal */,
				2355C1F32B54B4CD009C84AD /* Common.h */,
				2355C20D2B59DF17009C84AD /* Raymarching.metal */,
				2355C2132B5A7A24009C84AD /* SDF.h */,
			);
			path = Shaders;
			sourceTree = "<group>";
		};
		2355C1F62B55A811009C84AD /* Utilities */ = {
			isa = PBXGroup;
			children = (
				2355C1F72B55A83D009C84AD /* MathLibrary.swift */,
			);
			path = Utilities;
			sourceTree = "<group>";
		};
		2355C2002B57FE2B009C84AD /* Models */ = {
			isa = PBXGroup;
			children = (
				2355C2792B5C665E009C84AD /* floorbrick.usdz */,
				2355C2012B57FE3A009C84AD /* mushroom.usdz */,
			);
			path = Models;
			sourceTree = "<group>";
		};
		2355C2032B592642009C84AD /* Components */ = {
			isa = PBXGroup;
			children = (
				2355C27E2B5D3D51009C84AD /* Rendering */,
				2355C2042B592651009C84AD /* Model.swift */,
				2355C2062B592750009C84AD /* Transform.swift */,
			);
			path = Components;
			sourceTree = "<group>";
		};
		2355C2082B592842009C84AD /* Objects */ = {
			isa = PBXGroup;
			children = (
				2355C28B2B5DDB38009C84AD /* Cameras */,
				2355C2092B59284D009C84AD /* GameObject.swift */,
				2355C20F2B59E065009C84AD /* Plane.swift */,
			);
			path = Objects;
			sourceTree = "<group>";
		};
		2355C27D2B5D3AB0009C84AD /* Textures */ = {
			isa = PBXGroup;
			children = (
				2355C27B2B5C6A43009C84AD /* TextureController.swift */,
			);
			path = Textures;
			sourceTree = "<group>";
		};
		2355C27E2B5D3D51009C84AD /* Rendering */ = {
			isa = PBXGroup;
			children = (
				2355C27F2B5D3EEE009C84AD /* Mesh.swift */,
				2355C2812B5D3F09009C84AD /* Submesh.swift */,
			);
			path = Rendering;
			sourceTree = "<group>";
		};
		2355C2852B5DA206009C84AD /* Game */ = {
			isa = PBXGroup;
			children = (
				2355C2882B5DA82B009C84AD /* Input */,
				2355C2832B5DA003009C84AD /* GameEngine.swift */,
				2355C2772B5C56FB009C84AD /* GameScene.swift */,
			);
			path = Game;
			sourceTree = "<group>";
		};
		2355C2882B5DA82B009C84AD /* Input */ = {
			isa = PBXGroup;
			children = (
				2355C2892B5DA833009C84AD /* InputController.swift */,
			);
			path = Input;
			sourceTree = "<group>";
		};
		2355C28B2B5DDB38009C84AD /* Cameras */ = {
			isa = PBXGroup;
			children = (
				2355C2862B5DA245009C84AD /* Camera.swift */,
				2355C28C2B5DDB41009C84AD /* FPCamera.swift */,
				2355C28E2B5DDB66009C84AD /* OrthographicCamera.swift */,
			);
			path = Cameras;
			sourceTree = "<group>";
		};
		236DD24B2B53D5650093E308 = {
			isa = PBXGroup;
			children = (
				236DD2562B53D5650093E308 /* FirstEngine */,
				236DD2552B53D5650093E308 /* Products */,
			);
			sourceTree = "<group>";
		};
		236DD2552B53D5650093E308 /* Products */ = {
			isa = PBXGroup;
			children = (
				236DD2542B53D5650093E308 /* FirstEngine.app */,
			);
			name = Products;
			sourceTree = "<group>";
		};
		236DD2562B53D5650093E308 /* FirstEngine */ = {
			isa = PBXGroup;
			children = (
				2355C2082B592842009C84AD /* Objects */,
				2355C2852B5DA206009C84AD /* Game */,
				2355C2002B57FE2B009C84AD /* Models */,
				2355C1F62B55A811009C84AD /* Utilities */,
				2355C1EA2B54ABDD009C84AD /* Renderer */,
				236DD2572B53D5650093E308 /* FirstEngineApp.swift */,
				2355C1E92B54ABC6009C84AD /* Views */,
				236DD25B2B53D5660093E308 /* Assets.xcassets */,
				236DD25D2B53D5660093E308 /* FirstEngine.entitlements */,
				236DD25E2B53D5660093E308 /* Preview Content */,
			);
			path = FirstEngine;
			sourceTree = "<group>";
		};
		236DD25E2B53D5660093E308 /* Preview Content */ = {
			isa = PBXGroup;
			children = (
				236DD25F2B53D5660093E308 /* Preview Assets.xcassets */,
			);
			path = "Preview Content";
			sourceTree = "<group>";
		};
/* End PBXGroup section */

/* Begin PBXNativeTarget section */
		236DD2532B53D5650093E308 /* FirstEngine */ = {
			isa = PBXNativeTarget;
			buildConfigurationList = 236DD2632B53D5660093E308 /* Build configuration list for PBXNativeTarget "FirstEngine" */;
			buildPhases = (
				236DD2502B53D5650093E308 /* Sources */,
				236DD2512B53D5650093E308 /* Frameworks */,
				236DD2522B53D5650093E308 /* Resources */,
			);
			buildRules = (
			);
			dependencies = (
			);
			name = FirstEngine;
			productName = FirstEngine;
			productReference = 236DD2542B53D5650093E308 /* FirstEngine.app */;
			productType = "com.apple.product-type.application";
		};
/* End PBXNativeTarget section */

/* Begin PBXProject section */
		236DD24C2B53D5650093E308 /* Project object */ = {
			isa = PBXProject;
			attributes = {
				BuildIndependentTargetsInParallel = 1;
				LastSwiftUpdateCheck = 1520;
				LastUpgradeCheck = 1520;
				TargetAttributes = {
					236DD2532B53D5650093E308 = {
						CreatedOnToolsVersion = 15.2;
					};
				};
			};
			buildConfigurationList = 236DD24F2B53D5650093E308 /* Build configuration list for PBXProject "FirstEngine" */;
			compatibilityVersion = "Xcode 14.0";
			developmentRegion = en;
			hasScannedForEncodings = 0;
			knownRegions = (
				en,
				Base,
			);
			mainGroup = 236DD24B2B53D5650093E308;
			productRefGroup = 236DD2552B53D5650093E308 /* Products */;
			projectDirPath = "";
			projectRoot = "";
			targets = (
				236DD2532B53D5650093E308 /* FirstEngine */,
			);
		};
/* End PBXProject section */

/* Begin PBXResourcesBuildPhase section */
		236DD2522B53D5650093E308 /* Resources */ = {
			isa = PBXResourcesBuildPhase;
			buildActionMask = 2147483647;
			files = (
				2355C27A2B5C665E009C84AD /* floorbrick.usdz in Resources */,
				2355C2022B57FE3A009C84AD /* mushroom.usdz in Resources */,
				236DD2602B53D5660093E308 /* Preview Assets.xcassets in Resources */,
				236DD25C2B53D5660093E308 /* Assets.xcassets in Resources */,
			);
			runOnlyForDeploymentPostprocessing = 0;
		};
/* End PBXResourcesBuildPhase section */

/* Begin PBXSourcesBuildPhase section */
		236DD2502B53D5650093E308 /* Sources */ = {
			isa = PBXSourcesBuildPhase;
			buildActionMask = 2147483647;
			files = (
				2355C2782B5C56FB009C84AD /* GameScene.swift in Sources */,
				2355C20A2B59284D009C84AD /* GameObject.swift in Sources */,
				2355C2052B592651009C84AD /* Model.swift in Sources */,
				2355C2822B5D3F09009C84AD /* Submesh.swift in Sources */,
				236DD2692B53DB600093E308 /* Renderer.swift in Sources */,
				2355C2072B592750009C84AD /* Transform.swift in Sources */,
				2355C1F52B5558D9009C84AD /* PipelineStates.swift in Sources */,
				2355C20E2B59DF17009C84AD /* Raymarching.metal in Sources */,
				2355C28D2B5DDB41009C84AD /* FPCamera.swift in Sources */,
				2355C27C2B5C6A43009C84AD /* TextureController.swift in Sources */,
				2355C28A2B5DA833009C84AD /* InputController.swift in Sources */,
				2355C2102B59E065009C84AD /* Plane.swift in Sources */,
				2355C2842B5DA003009C84AD /* GameEngine.swift in Sources */,
				2355C1F82B55A83D009C84AD /* MathLibrary.swift in Sources */,
				2355C1F22B54B4BE009C84AD /* Shaders.metal in Sources */,
				2355C20C2B59DD3C009C84AD /* RayRenderer.swift in Sources */,
				236DD2672B53D5760093E308 /* MetalView.swift in Sources */,
				236DD25A2B53D5650093E308 /* ContentView.swift in Sources */,
				2355C2872B5DA245009C84AD /* Camera.swift in Sources */,
				2355C2802B5D3EEE009C84AD /* Mesh.swift in Sources */,
				2355C1FF2B574157009C84AD /* VertexDescriptor.swift in Sources */,
				236DD2582B53D5650093E308 /* FirstEngineApp.swift in Sources */,
				2355C28F2B5DDB66009C84AD /* OrthographicCamera.swift in Sources */,
			);
			runOnlyForDeploymentPostprocessing = 0;
		};
/* End PBXSourcesBuildPhase section */

/* Begin XCBuildConfiguration section */
		236DD2612B53D5660093E308 /* Debug */ = {
			isa = XCBuildConfiguration;
			buildSettings = {
				ALWAYS_SEARCH_USER_PATHS = NO;
				ASSETCATALOG_COMPILER_GENERATE_SWIFT_ASSET_SYMBOL_EXTENSIONS = YES;
				CLANG_ANALYZER_NONNULL = YES;
				CLANG_ANALYZER_NUMBER_OBJECT_CONVERSION = YES_AGGRESSIVE;
				CLANG_CXX_LANGUAGE_STANDARD = "gnu++20";
				CLANG_ENABLE_MODULES = YES;
				CLANG_ENABLE_OBJC_ARC = YES;
				CLANG_ENABLE_OBJC_WEAK = YES;
				CLANG_WARN_BLOCK_CAPTURE_AUTORELEASING = YES;
				CLANG_WARN_BOOL_CONVERSION = YES;
				CLANG_WARN_COMMA = YES;
				CLANG_WARN_CONSTANT_CONVERSION = YES;
				CLANG_WARN_DEPRECATED_OBJC_IMPLEMENTATIONS = YES;
				CLANG_WARN_DIRECT_OBJC_ISA_USAGE = YES_ERROR;
				CLANG_WARN_DOCUMENTATION_COMMENTS = YES;
				CLANG_WARN_EMPTY_BODY = YES;
				CLANG_WARN_ENUM_CONVERSION = YES;
				CLANG_WARN_INFINITE_RECURSION = YES;
				CLANG_WARN_INT_CONVERSION = YES;
				CLANG_WARN_NON_LITERAL_NULL_CONVERSION = YES;
				CLANG_WARN_OBJC_IMPLICIT_RETAIN_SELF = YES;
				CLANG_WARN_OBJC_LITERAL_CONVERSION = YES;
				CLANG_WARN_OBJC_ROOT_CLASS = YES_ERROR;
				CLANG_WARN_QUOTED_INCLUDE_IN_FRAMEWORK_HEADER = YES;
				CLANG_WARN_RANGE_LOOP_ANALYSIS = YES;
				CLANG_WARN_STRICT_PROTOTYPES = YES;
				CLANG_WARN_SUSPICIOUS_MOVE = YES;
				CLANG_WARN_UNGUARDED_AVAILABILITY = YES_AGGRESSIVE;
				CLANG_WARN_UNREACHABLE_CODE = YES;
				CLANG_WARN__DUPLICATE_METHOD_MATCH = YES;
				COPY_PHASE_STRIP = NO;
				DEBUG_INFORMATION_FORMAT = dwarf;
				ENABLE_STRICT_OBJC_MSGSEND = YES;
				ENABLE_TESTABILITY = YES;
				ENABLE_USER_SCRIPT_SANDBOXING = YES;
				GCC_C_LANGUAGE_STANDARD = gnu17;
				GCC_DYNAMIC_NO_PIC = NO;
				GCC_NO_COMMON_BLOCKS = YES;
				GCC_OPTIMIZATION_LEVEL = 0;
				GCC_PREPROCESSOR_DEFINITIONS = (
					"DEBUG=1",
					"$(inherited)",
				);
				GCC_WARN_64_TO_32_BIT_CONVERSION = YES;
				GCC_WARN_ABOUT_RETURN_TYPE = YES_ERROR;
				GCC_WARN_UNDECLARED_SELECTOR = YES;
				GCC_WARN_UNINITIALIZED_AUTOS = YES_AGGRESSIVE;
				GCC_WARN_UNUSED_FUNCTION = YES;
				GCC_WARN_UNUSED_VARIABLE = YES;
				LOCALIZATION_PREFERS_STRING_CATALOGS = YES;
				MTL_ENABLE_DEBUG_INFO = INCLUDE_SOURCE;
				MTL_FAST_MATH = YES;
				ONLY_ACTIVE_ARCH = YES;
				SWIFT_ACTIVE_COMPILATION_CONDITIONS = "DEBUG $(inherited)";
				SWIFT_OPTIMIZATION_LEVEL = "-Onone";
			};
			name = Debug;
		};
		236DD2622B53D5660093E308 /* Release */ = {
			isa = XCBuildConfiguration;
			buildSettings = {
				ALWAYS_SEARCH_USER_PATHS = NO;
				ASSETCATALOG_COMPILER_GENERATE_SWIFT_ASSET_SYMBOL_EXTENSIONS = YES;
				CLANG_ANALYZER_NONNULL = YES;
				CLANG_ANALYZER_NUMBER_OBJECT_CONVERSION = YES_AGGRESSIVE;
				CLANG_CXX_LANGUAGE_STANDARD = "gnu++20";
				CLANG_ENABLE_MODULES = YES;
				CLANG_ENABLE_OBJC_ARC = YES;
				CLANG_ENABLE_OBJC_WEAK = YES;
				CLANG_WARN_BLOCK_CAPTURE_AUTORELEASING = YES;
				CLANG_WARN_BOOL_CONVERSION = YES;
				CLANG_WARN_COMMA = YES;
				CLANG_WARN_CONSTANT_CONVERSION = YES;
				CLANG_WARN_DEPRECATED_OBJC_IMPLEMENTATIONS = YES;
				CLANG_WARN_DIRECT_OBJC_ISA_USAGE = YES_ERROR;
				CLANG_WARN_DOCUMENTATION_COMMENTS = YES;
				CLANG_WARN_EMPTY_BODY = YES;
				CLANG_WARN_ENUM_CONVERSION = YES;
				CLANG_WARN_INFINITE_RECURSION = YES;
				CLANG_WARN_INT_CONVERSION = YES;
				CLANG_WARN_NON_LITERAL_NULL_CONVERSION = YES;
				CLANG_WARN_OBJC_IMPLICIT_RETAIN_SELF = YES;
				CLANG_WARN_OBJC_LITERAL_CONVERSION = YES;
				CLANG_WARN_OBJC_ROOT_CLASS = YES_ERROR;
				CLANG_WARN_QUOTED_INCLUDE_IN_FRAMEWORK_HEADER = YES;
				CLANG_WARN_RANGE_LOOP_ANALYSIS = YES;
				CLANG_WARN_STRICT_PROTOTYPES = YES;
				CLANG_WARN_SUSPICIOUS_MOVE = YES;
				CLANG_WARN_UNGUARDED_AVAILABILITY = YES_AGGRESSIVE;
				CLANG_WARN_UNREACHABLE_CODE = YES;
				CLANG_WARN__DUPLICATE_METHOD_MATCH = YES;
				COPY_PHASE_STRIP = NO;
				DEBUG_INFORMATION_FORMAT = "dwarf-with-dsym";
				ENABLE_NS_ASSERTIONS = NO;
				ENABLE_STRICT_OBJC_MSGSEND = YES;
				ENABLE_USER_SCRIPT_SANDBOXING = YES;
				GCC_C_LANGUAGE_STANDARD = gnu17;
				GCC_NO_COMMON_BLOCKS = YES;
				GCC_WARN_64_TO_32_BIT_CONVERSION = YES;
				GCC_WARN_ABOUT_RETURN_TYPE = YES_ERROR;
				GCC_WARN_UNDECLARED_SELECTOR = YES;
				GCC_WARN_UNINITIALIZED_AUTOS = YES_AGGRESSIVE;
				GCC_WARN_UNUSED_FUNCTION = YES;
				GCC_WARN_UNUSED_VARIABLE = YES;
				LOCALIZATION_PREFERS_STRING_CATALOGS = YES;
				MTL_ENABLE_DEBUG_INFO = NO;
				MTL_FAST_MATH = YES;
				SWIFT_COMPILATION_MODE = wholemodule;
			};
			name = Release;
		};
		236DD2642B53D5660093E308 /* Debug */ = {
			isa = XCBuildConfiguration;
			buildSettings = {
				ASSETCATALOG_COMPILER_APPICON_NAME = AppIcon;
				ASSETCATALOG_COMPILER_GLOBAL_ACCENT_COLOR_NAME = AccentColor;
				CODE_SIGN_ENTITLEMENTS = FirstEngine/FirstEngine.entitlements;
				CODE_SIGN_STYLE = Automatic;
				CURRENT_PROJECT_VERSION = 1;
				DEVELOPMENT_ASSET_PATHS = "\"FirstEngine/Preview Content\"";
				DEVELOPMENT_TEAM = 75G4KRYC3B;
				ENABLE_HARDENED_RUNTIME = YES;
				ENABLE_PREVIEWS = YES;
				GENERATE_INFOPLIST_FILE = YES;
				"INFOPLIST_KEY_UIApplicationSceneManifest_Generation[sdk=iphoneos*]" = YES;
				"INFOPLIST_KEY_UIApplicationSceneManifest_Generation[sdk=iphonesimulator*]" = YES;
				"INFOPLIST_KEY_UIApplicationSupportsIndirectInputEvents[sdk=iphoneos*]" = YES;
				"INFOPLIST_KEY_UIApplicationSupportsIndirectInputEvents[sdk=iphonesimulator*]" = YES;
				"INFOPLIST_KEY_UILaunchScreen_Generation[sdk=iphoneos*]" = YES;
				"INFOPLIST_KEY_UILaunchScreen_Generation[sdk=iphonesimulator*]" = YES;
				"INFOPLIST_KEY_UIStatusBarStyle[sdk=iphoneos*]" = UIStatusBarStyleDefault;
				"INFOPLIST_KEY_UIStatusBarStyle[sdk=iphonesimulator*]" = UIStatusBarStyleDefault;
				INFOPLIST_KEY_UISupportedInterfaceOrientations_iPad = "UIInterfaceOrientationPortrait UIInterfaceOrientationPortraitUpsideDown UIInterfaceOrientationLandscapeLeft UIInterfaceOrientationLandscapeRight";
				INFOPLIST_KEY_UISupportedInterfaceOrientations_iPhone = "UIInterfaceOrientationPortrait UIInterfaceOrientationLandscapeLeft UIInterfaceOrientationLandscapeRight";
				IPHONEOS_DEPLOYMENT_TARGET = 17.2;
				LD_RUNPATH_SEARCH_PATHS = "@executable_path/Frameworks";
				"LD_RUNPATH_SEARCH_PATHS[sdk=macosx*]" = "@executable_path/../Frameworks";
				MACOSX_DEPLOYMENT_TARGET = 14.2;
				MARKETING_VERSION = 1.0;
				PRODUCT_BUNDLE_IDENTIFIER = com.gabriel.FirstEngine;
				PRODUCT_NAME = "$(TARGET_NAME)";
				SDKROOT = auto;
				SUPPORTED_PLATFORMS = "iphoneos iphonesimulator macosx";
				SWIFT_EMIT_LOC_STRINGS = YES;
				SWIFT_OBJC_BRIDGING_HEADER = FirstEngine/Renderer/Shaders/Common.h;
				SWIFT_VERSION = 5.0;
				TARGETED_DEVICE_FAMILY = "1,2";
			};
			name = Debug;
		};
		236DD2652B53D5660093E308 /* Release */ = {
			isa = XCBuildConfiguration;
			buildSettings = {
				ASSETCATALOG_COMPILER_APPICON_NAME = AppIcon;
				ASSETCATALOG_COMPILER_GLOBAL_ACCENT_COLOR_NAME = AccentColor;
				CODE_SIGN_ENTITLEMENTS = FirstEngine/FirstEngine.entitlements;
				CODE_SIGN_STYLE = Automatic;
				CURRENT_PROJECT_VERSION = 1;
				DEVELOPMENT_ASSET_PATHS = "\"FirstEngine/Preview Content\"";
				DEVELOPMENT_TEAM = 75G4KRYC3B;
				ENABLE_HARDENED_RUNTIME = YES;
				ENABLE_PREVIEWS = YES;
				GENERATE_INFOPLIST_FILE = YES;
				"INFOPLIST_KEY_UIApplicationSceneManifest_Generation[sdk=iphoneos*]" = YES;
				"INFOPLIST_KEY_UIApplicationSceneManifest_Generation[sdk=iphonesimulator*]" = YES;
				"INFOPLIST_KEY_UIApplicationSupportsIndirectInputEvents[sdk=iphoneos*]" = YES;
				"INFOPLIST_KEY_UIApplicationSupportsIndirectInputEvents[sdk=iphonesimulator*]" = YES;
				"INFOPLIST_KEY_UILaunchScreen_Generation[sdk=iphoneos*]" = YES;
				"INFOPLIST_KEY_UILaunchScreen_Generation[sdk=iphonesimulator*]" = YES;
				"INFOPLIST_KEY_UIStatusBarStyle[sdk=iphoneos*]" = UIStatusBarStyleDefault;
				"INFOPLIST_KEY_UIStatusBarStyle[sdk=iphonesimulator*]" = UIStatusBarStyleDefault;
				INFOPLIST_KEY_UISupportedInterfaceOrientations_iPad = "UIInterfaceOrientationPortrait UIInterfaceOrientationPortraitUpsideDown UIInterfaceOrientationLandscapeLeft UIInterfaceOrientationLandscapeRight";
				INFOPLIST_KEY_UISupportedInterfaceOrientations_iPhone = "UIInterfaceOrientationPortrait UIInterfaceOrientationLandscapeLeft UIInterfaceOrientationLandscapeRight";
				IPHONEOS_DEPLOYMENT_TARGET = 17.2;
				LD_RUNPATH_SEARCH_PATHS = "@executable_path/Frameworks";
				"LD_RUNPATH_SEARCH_PATHS[sdk=macosx*]" = "@executable_path/../Frameworks";
				MACOSX_DEPLOYMENT_TARGET = 14.2;
				MARKETING_VERSION = 1.0;
				PRODUCT_BUNDLE_IDENTIFIER = com.gabriel.FirstEngine;
				PRODUCT_NAME = "$(TARGET_NAME)";
				SDKROOT = auto;
				SUPPORTED_PLATFORMS = "iphoneos iphonesimulator macosx";
				SWIFT_EMIT_LOC_STRINGS = YES;
				SWIFT_OBJC_BRIDGING_HEADER = FirstEngine/Renderer/Shaders/Common.h;
				SWIFT_VERSION = 5.0;
				TARGETED_DEVICE_FAMILY = "1,2";
			};
			name = Release;
		};
/* End XCBuildConfiguration section */

/* Begin XCConfigurationList section */
		236DD24F2B53D5650093E308 /* Build configuration list for PBXProject "FirstEngine" */ = {
			isa = XCConfigurationList;
			buildConfigurations = (
				236DD2612B53D5660093E308 /* Debug */,
				236DD2622B53D5660093E308 /* Release */,
			);
			defaultConfigurationIsVisible = 0;
			defaultConfigurationName = Release;
		};
		236DD2632B53D5660093E308 /* Build configuration list for PBXNativeTarget "FirstEngine" */ = {
			isa = XCConfigurationList;
			buildConfigurations = (
				236DD2642B53D5660093E308 /* Debug */,
				236DD2652B53D5660093E308 /* Release */,
			);
			defaultConfigurationIsVisible = 0;
			defaultConfigurationName = Release;
		};
/* End XCConfigurationList section */
	};
	rootObject = 236DD24C2B53D5650093E308 /* Project object */;
}
